
Microsoft Visual Studio Solution File, Format Version 12.00
# Visual Studio Version 16
VisualStudioVersion = 16.0.33214.272
MinimumVisualStudioVersion = 10.0.40219.1
Project("{888888A0-9F3D-457C-B088-3A5042F75D52}") = "If statements - Spring Break Review", "If statements - Spring Break Review.pyproj", "{72E27BA3-E771-4014-BE6C-86BE45EEC990}"
EndProject
Global
	GlobalSection(SolutionConfigurationPlatforms) = preSolution
		Debug|Any CPU = Debug|Any CPU
		Release|Any CPU = Release|Any CPU
	EndGlobalSection
	GlobalSection(ProjectConfigurationPlatforms) = postSolution
		{72E27BA3-E771-4014-BE6C-86BE45EEC990}.Debug|Any CPU.ActiveCfg = Debug|Any CPU
		{72E27BA3-E771-4014-BE6C-86BE45EEC990}.Release|Any CPU.ActiveCfg = Release|Any CPU
	EndGlobalSection
	GlobalSection(SolutionProperties) = preSolution
		HideSolutionNode = FALSE
	EndGlobalSection
	GlobalSection(ExtensibilityGlobals) = postSolution
		SolutionGuid = {AF8BC620-0B8C-4AF7-BC1D-3464E092226F}
	EndGlobalSection
EndGlobal
